<?xml version="1.0" encoding="utf-8"?>
<Project ToolsVersion="4.0" xmlns="http://schemas.microsoft.com/developer/msbuild/2003">
  <ItemGroup>
    <Filter Include="Source Files">
      <UniqueIdentifier>{4FC737F1-C7A5-4376-A066-2A32D752A2FF}</UniqueIdentifier>
      <Extensions>cpp;c;cc;cxx;def;odl;idl;hpj;bat;asm;asmx</Extensions>
    </Filter>
    <Filter Include="Header Files">
      <UniqueIdentifier>{93995380-89BD-4b04-88EB-625FBE52EBFB}</UniqueIdentifier>
      <Extensions>h;hh;hpp;hxx;hm;inl;inc;xsd</Extensions>
    </Filter>
    <Filter Include="Resource Files">
      <UniqueIdentifier>{67DA6AB6-F800-4c08-8B7A-83BB121AAD01}</UniqueIdentifier>
      <Extensions>rc;ico;cur;bmp;dlg;rc2;rct;bin;rgs;gif;jpg;jpeg;jpe;resx;tiff;tif;png;wav;mfcribbon-ms</Extensions>
    </Filter>
    <Filter Include="Source Files\NetActor">
      <UniqueIdentifier>{b829ccb8-fa6f-47c8-a0ef-a00ca6f71b44}</UniqueIdentifier>
    </Filter>
    <Filter Include="Source Files\Actor">
      <UniqueIdentifier>{bde60e4b-a1e1-4f13-930c-04e08e3dcafc}</UniqueIdentifier>
    </Filter>
    <Filter Include="Source Files\Util">
      <UniqueIdentifier>{0db873fa-9ff3-4368-a188-8c1c6c076226}</UniqueIdentifier>
    </Filter>
    <Filter Include="Source Files\Net">
      <UniqueIdentifier>{42b35b05-b636-40aa-b8f9-a52fbfe4a759}</UniqueIdentifier>
    </Filter>
  </ItemGroup>
  <ItemGroup>
    <Text Include="ReadMe.txt" />
  </ItemGroup>
  <ItemGroup>
    <ClInclude Include="Actor.h">
      <Filter>Source Files\Actor</Filter>
    </ClInclude>
    <ClInclude Include="ClientNetActor.h">
      <Filter>Source Files\NetActor</Filter>
    </ClInclude>
    <ClInclude Include="ActorMgr.h">
      <Filter>Source Files\Actor</Filter>
    </ClInclude>
    <ClInclude Include="ActorMsgQ.h">
      <Filter>Source Files\Actor</Filter>
    </ClInclude>
    <ClInclude Include="ActorThread.h">
      <Filter>Source Files\Actor</Filter>
    </ClInclude>
    <ClInclude Include="MutexPtrDeque.h">
      <Filter>Source Files\Util</Filter>
    </ClInclude>
    <ClInclude Include="Singleton.h">
      <Filter>Source Files\Util</Filter>
    </ClInclude>
    <ClInclude Include="Thread.h">
      <Filter>Source Files\Util</Filter>
    </ClInclude>
    <ClInclude Include="Threads.h">
      <Filter>Source Files\Util</Filter>
    </ClInclude>
    <ClInclude Include="NetActor\MsgParamsDefine.h">
      <Filter>Source Files\NetActor</Filter>
    </ClInclude>
    <ClInclude Include="Net\TcpAcceptor.h">
      <Filter>Source Files\Net</Filter>
    </ClInclude>
    <ClInclude Include="Net\TcpConnection.h">
      <Filter>Source Files\Net</Filter>
    </ClInclude>
    <ClInclude Include="Net\TcpConnector.h">
      <Filter>Source Files\Net</Filter>
    </ClInclude>
    <ClInclude Include="Net\TcpPacketConnection.h">
      <Filter>Source Files\Net</Filter>
    </ClInclude>
    <ClInclude Include="Net\TcpClient.h">
      <Filter>Source Files\Net</Filter>
    </ClInclude>
    <ClInclude Include="Net\TcpServer.h">
      <Filter>Source Files\Net</Filter>
    </ClInclude>
    <ClInclude Include="Net\PacketType.h">
      <Filter>Source Files\Net</Filter>
    </ClInclude>
    <ClInclude Include="Net\Sessions.h">
      <Filter>Source Files\Net</Filter>
    </ClInclude>
  </ItemGroup>
  <ItemGroup>
    <ClCompile Include="ActorMgr.cpp">
      <Filter>Source Files\Actor</Filter>
    </ClCompile>
    <ClCompile Include="ActorMsgQ.cpp">
      <Filter>Source Files\Actor</Filter>
    </ClCompile>
  </ItemGroup>
</Project>